Microsoft Visual Studio Solution File, Format Version 12.00
# Visual Studio Version 17
VisualStudioVersion = 17.5.2.0
MinimumVisualStudioVersion = 10.0.40219.1
Project("{FAE04EC0-301F-11D3-BF4B-00C04F79EFBC}") = "Construcoes", "Construcoes.csproj", "{C6759A29-9D46-4798-F6E3-35A232498A19}"
EndProject
Global
	GlobalSection(SolutionConfigurationPlatforms) = preSolution
		Debug|Any CPU = Debug|Any CPU
		Release|Any CPU = Release|Any CPU
	EndGlobalSection
	GlobalSection(ProjectConfigurationPlatforms) = postSolution
		{C6759A29-9D46-4798-F6E3-35A232498A19}.Debug|Any CPU.ActiveCfg = Debug|Any CPU
		{C6759A29-9D46-4798-F6E3-35A232498A19}.Debug|Any CPU.Build.0 = Debug|Any CPU
		{C6759A29-9D46-4798-F6E3-35A232498A19}.Release|Any CPU.ActiveCfg = Release|Any CPU
		{C6759A29-9D46-4798-F6E3-35A232498A19}.Release|Any CPU.Build.0 = Release|Any CPU
	EndGlobalSection
	GlobalSection(SolutionProperties) = preSolution
		HideSolutionNode = FALSE
	EndGlobalSection
	GlobalSection(ExtensibilityGlobals) = postSolution
		SolutionGuid = {D60479E3-D99E-4B5F-ABD1-124B324DD882}
	EndGlobalSection
EndGlobal
